
Microsoft Visual Studio Solution File, Format Version 12.00
# Visual Studio Version 17
VisualStudioVersion = 17.9.34701.34
MinimumVisualStudioVersion = 10.0.40219.1
Project("{8BC9CEB8-8B4A-11D0-8D11-00A0C91BC942}") = "2", "2\2.vcxproj", "{AD9288FF-7976-4EA7-A40A-10692AE40A27}"
EndProject
Global
	GlobalSection(SolutionConfigurationPlatforms) = preSolution
		Debug|x64 = Debug|x64
		Debug|x86 = Debug|x86
		Release|x64 = Release|x64
		Release|x86 = Release|x86
	EndGlobalSection
	GlobalSection(ProjectConfigurationPlatforms) = postSolution
		{AD9288FF-7976-4EA7-A40A-10692AE40A27}.Debug|x64.ActiveCfg = Debug|x64
		{AD9288FF-7976-4EA7-A40A-10692AE40A27}.Debug|x64.Build.0 = Debug|x64
		{AD9288FF-7976-4EA7-A40A-10692AE40A27}.Debug|x86.ActiveCfg = Debug|Win32
		{AD9288FF-7976-4EA7-A40A-10692AE40A27}.Debug|x86.Build.0 = Debug|Win32
		{AD9288FF-7976-4EA7-A40A-10692AE40A27}.Release|x64.ActiveCfg = Release|x64
		{AD9288FF-7976-4EA7-A40A-10692AE40A27}.Release|x64.Build.0 = Release|x64
		{AD9288FF-7976-4EA7-A40A-10692AE40A27}.Release|x86.ActiveCfg = Release|Win32
		{AD9288FF-7976-4EA7-A40A-10692AE40A27}.Release|x86.Build.0 = Release|Win32
	EndGlobalSection
	GlobalSection(SolutionProperties) = preSolution
		HideSolutionNode = FALSE
	EndGlobalSection
	GlobalSection(ExtensibilityGlobals) = postSolution
		SolutionGuid = {D1E0ABA2-81F2-4562-A19C-C6B4FB5AF246}
	EndGlobalSection
EndGlobal
